
Microsoft Visual Studio Solution File, Format Version 12.00
# Visual Studio Version 16
VisualStudioVersion = 16.0.30907.101
MinimumVisualStudioVersion = 10.0.40219.1
Project("{9A19103F-16F7-4668-BE54-9A1E7A4F7556}") = "Lab4t3", "Lab4t3.csproj", "{3F74A7BC-9B54-4AB4-9D99-5AD3ADE8DB92}"
EndProject
Global
	GlobalSection(SolutionConfigurationPlatforms) = preSolution
		Debug|Any CPU = Debug|Any CPU
		Release|Any CPU = Release|Any CPU
	EndGlobalSection
	GlobalSection(ProjectConfigurationPlatforms) = postSolution
		{3F74A7BC-9B54-4AB4-9D99-5AD3ADE8DB92}.Debug|Any CPU.ActiveCfg = Debug|Any CPU
		{3F74A7BC-9B54-4AB4-9D99-5AD3ADE8DB92}.Debug|Any CPU.Build.0 = Debug|Any CPU
		{3F74A7BC-9B54-4AB4-9D99-5AD3ADE8DB92}.Release|Any CPU.ActiveCfg = Release|Any CPU
		{3F74A7BC-9B54-4AB4-9D99-5AD3ADE8DB92}.Release|Any CPU.Build.0 = Release|Any CPU
	EndGlobalSection
	GlobalSection(SolutionProperties) = preSolution
		HideSolutionNode = FALSE
	EndGlobalSection
	GlobalSection(ExtensibilityGlobals) = postSolution
		SolutionGuid = {0D0EDD80-094E-4393-B6E7-0F65CA948573}
	EndGlobalSection
EndGlobal
