
Microsoft Visual Studio Solution File, Format Version 12.00
# Visual Studio Version 16
VisualStudioVersion = 16.0.30907.101
MinimumVisualStudioVersion = 10.0.40219.1
Project("{FAE04EC0-301F-11D3-BF4B-00C04F79EFBC}") = "lab5t3", "lab5t3.csproj", "{4DE7C75F-3C65-4DD9-BEA1-01C7116C19F8}"
EndProject
Global
	GlobalSection(SolutionConfigurationPlatforms) = preSolution
		Debug|Any CPU = Debug|Any CPU
		Release|Any CPU = Release|Any CPU
	EndGlobalSection
	GlobalSection(ProjectConfigurationPlatforms) = postSolution
		{4DE7C75F-3C65-4DD9-BEA1-01C7116C19F8}.Debug|Any CPU.ActiveCfg = Debug|Any CPU
		{4DE7C75F-3C65-4DD9-BEA1-01C7116C19F8}.Debug|Any CPU.Build.0 = Debug|Any CPU
		{4DE7C75F-3C65-4DD9-BEA1-01C7116C19F8}.Release|Any CPU.ActiveCfg = Release|Any CPU
		{4DE7C75F-3C65-4DD9-BEA1-01C7116C19F8}.Release|Any CPU.Build.0 = Release|Any CPU
	EndGlobalSection
	GlobalSection(SolutionProperties) = preSolution
		HideSolutionNode = FALSE
	EndGlobalSection
	GlobalSection(ExtensibilityGlobals) = postSolution
		SolutionGuid = {08107D54-EF0D-4015-98E0-2C6FC3FCA736}
	EndGlobalSection
EndGlobal
