
Microsoft Visual Studio Solution File, Format Version 12.00
# Visual Studio Version 16
VisualStudioVersion = 16.0.30907.101
MinimumVisualStudioVersion = 10.0.40219.1
Project("{FAE04EC0-301F-11D3-BF4B-00C04F79EFBC}") = "Lab4t4", "Lab4t4.csproj", "{A171DFA6-C6C6-4F93-979C-4F26EB266BC9}"
EndProject
Global
	GlobalSection(SolutionConfigurationPlatforms) = preSolution
		Debug|Any CPU = Debug|Any CPU
		Release|Any CPU = Release|Any CPU
	EndGlobalSection
	GlobalSection(ProjectConfigurationPlatforms) = postSolution
		{A171DFA6-C6C6-4F93-979C-4F26EB266BC9}.Debug|Any CPU.ActiveCfg = Debug|Any CPU
		{A171DFA6-C6C6-4F93-979C-4F26EB266BC9}.Debug|Any CPU.Build.0 = Debug|Any CPU
		{A171DFA6-C6C6-4F93-979C-4F26EB266BC9}.Release|Any CPU.ActiveCfg = Release|Any CPU
		{A171DFA6-C6C6-4F93-979C-4F26EB266BC9}.Release|Any CPU.Build.0 = Release|Any CPU
	EndGlobalSection
	GlobalSection(SolutionProperties) = preSolution
		HideSolutionNode = FALSE
	EndGlobalSection
	GlobalSection(ExtensibilityGlobals) = postSolution
		SolutionGuid = {005DCE6C-9EC3-49F2-887E-3E38915F9888}
	EndGlobalSection
EndGlobal
